
Microsoft Visual Studio Solution File, Format Version 12.00
# Visual Studio Version 16
VisualStudioVersion = 16.0.33328.57
MinimumVisualStudioVersion = 10.0.40219.1
Project("{FAE04EC0-301F-11D3-BF4B-00C04F79EFBC}") = "Project_web_ban_hoa", "Project_web_ban_hoa\Project_web_ban_hoa.csproj", "{53B0CB2C-3092-4E9A-9D01-7187584002A8}"
EndProject
Global
	GlobalSection(SolutionConfigurationPlatforms) = preSolution
		Debug|Any CPU = Debug|Any CPU
		Release|Any CPU = Release|Any CPU
	EndGlobalSection
	GlobalSection(ProjectConfigurationPlatforms) = postSolution
		{53B0CB2C-3092-4E9A-9D01-7187584002A8}.Debug|Any CPU.ActiveCfg = Debug|Any CPU
		{53B0CB2C-3092-4E9A-9D01-7187584002A8}.Debug|Any CPU.Build.0 = Debug|Any CPU
		{53B0CB2C-3092-4E9A-9D01-7187584002A8}.Release|Any CPU.ActiveCfg = Release|Any CPU
		{53B0CB2C-3092-4E9A-9D01-7187584002A8}.Release|Any CPU.Build.0 = Release|Any CPU
	EndGlobalSection
	GlobalSection(SolutionProperties) = preSolution
		HideSolutionNode = FALSE
	EndGlobalSection
	GlobalSection(ExtensibilityGlobals) = postSolution
		SolutionGuid = {9403C8A4-3DAE-4A1A-8368-CF787D0CCB6C}
	EndGlobalSection
EndGlobal
